// !$*UTF8*$!
{
	archiveVersion = 1;
	classes = {
	};
	objectVersion = 51;
	objects = {

/* Begin PBXBuildFile section */
		7DBC02765E8E95E4FF472D41 /* Pods_proTodo.framework in Frameworks */ = {isa = PBXBuildFile; fileRef = 7B1D4205DDABE980F08B5843 /* Pods_proTodo.framework */; };
		9B0BDE0826282A68009F4552 /* Date+.swift in Sources */ = {isa = PBXBuildFile; fileRef = 9B0BDE0726282A68009F4552 /* Date+.swift */; };
		9B0BDE0D26282AE0009F4552 /* Color+.swift in Sources */ = {isa = PBXBuildFile; fileRef = 9B0BDE0C26282AE0009F4552 /* Color+.swift */; };
		9B0BF7672636CF030072A083 /* ProjectCreateViewController.swift in Sources */ = {isa = PBXBuildFile; fileRef = 9B0BF7662636CF030072A083 /* ProjectCreateViewController.swift */; };
		9B0BF76A2636DB4A0072A083 /* ProjectCreateTableViewCell.swift in Sources */ = {isa = PBXBuildFile; fileRef = 9B0BF7692636DB4A0072A083 /* ProjectCreateTableViewCell.swift */; };
		9B0EF5C326298C4100BFDAF6 /* MainTodoCollectionViewCell.swift in Sources */ = {isa = PBXBuildFile; fileRef = 9B0EF5C226298C4100BFDAF6 /* MainTodoCollectionViewCell.swift */; };
		9B12C26B2637CDAE00DDFE9E /* Model.xcdatamodeld in Sources */ = {isa = PBXBuildFile; fileRef = 9B12C2692637CDAE00DDFE9E /* Model.xcdatamodeld */; };
		9B1875442635C09D00C8FD98 /* UICollectionViewCell+.swift in Sources */ = {isa = PBXBuildFile; fileRef = 9B1875432635C09D00C8FD98 /* UICollectionViewCell+.swift */; };
		9B2104B4262C0BAA004C24ED /* Colors.swift in Sources */ = {isa = PBXBuildFile; fileRef = 9B2104B3262C0BAA004C24ED /* Colors.swift */; };
		9B2104B7262C146C004C24ED /* CalendarTagColorCollectionViewCell.swift in Sources */ = {isa = PBXBuildFile; fileRef = 9B2104B6262C146C004C24ED /* CalendarTagColorCollectionViewCell.swift */; };
		9B2104BD262D52B0004C24ED /* LabelCollectionViewLayout.swift in Sources */ = {isa = PBXBuildFile; fileRef = 9B2104BC262D52B0004C24ED /* LabelCollectionViewLayout.swift */; };
		9B2104C1262D7191004C24ED /* ProjectBoardViewController.swift in Sources */ = {isa = PBXBuildFile; fileRef = 9B2104C0262D7191004C24ED /* ProjectBoardViewController.swift */; };
		9B2104C5262D728C004C24ED /* ProjectBoardTableViewCell.swift in Sources */ = {isa = PBXBuildFile; fileRef = 9B2104C4262D728C004C24ED /* ProjectBoardTableViewCell.swift */; };
		9B3036102341C24E0094550A /* AppDelegate.swift in Sources */ = {isa = PBXBuildFile; fileRef = 9B30360F2341C24E0094550A /* AppDelegate.swift */; };
		9B3036122341C24E0094550A /* SceneDelegate.swift in Sources */ = {isa = PBXBuildFile; fileRef = 9B3036112341C24E0094550A /* SceneDelegate.swift */; };
		9B3036142341C24E0094550A /* CustomSegmentedControl.swift in Sources */ = {isa = PBXBuildFile; fileRef = 9B3036132341C24E0094550A /* CustomSegmentedControl.swift */; };
		9B32B689263FED5800F386C7 /* ManagedProject+CoreDataClass.swift in Sources */ = {isa = PBXBuildFile; fileRef = 9B32B66C263FEB8600F386C7 /* ManagedProject+CoreDataClass.swift */; };
		9B32B68A263FED5800F386C7 /* ManagedProject+CoreDataProperties.swift in Sources */ = {isa = PBXBuildFile; fileRef = 9B32B666263FEB8600F386C7 /* ManagedProject+CoreDataProperties.swift */; };
		9B32B68D263FED5800F386C7 /* ManagedTag+CoreDataClass.swift in Sources */ = {isa = PBXBuildFile; fileRef = 9B32B667263FEB8600F386C7 /* ManagedTag+CoreDataClass.swift */; };
		9B32B68E263FED5800F386C7 /* ManagedTag+CoreDataProperties.swift in Sources */ = {isa = PBXBuildFile; fileRef = 9B32B669263FEB8600F386C7 /* ManagedTag+CoreDataProperties.swift */; };
		9B32B68F263FED5800F386C7 /* ManagedTodo+CoreDataClass.swift in Sources */ = {isa = PBXBuildFile; fileRef = 9B32B668263FEB8600F386C7 /* ManagedTodo+CoreDataClass.swift */; };
		9B32B690263FED5800F386C7 /* ManagedTodo+CoreDataProperties.swift in Sources */ = {isa = PBXBuildFile; fileRef = 9B32B665263FEB8600F386C7 /* ManagedTodo+CoreDataProperties.swift */; };
		9B5E286D2341F44800750096 /* Todo.swift in Sources */ = {isa = PBXBuildFile; fileRef = 9B5E286C2341F44800750096 /* Todo.swift */; };
		9B5E286F2341FA0500750096 /* CalendarTodoTableViewCell.swift in Sources */ = {isa = PBXBuildFile; fileRef = 9B5E286E2341FA0500750096 /* CalendarTodoTableViewCell.swift */; };
		9B8DA4752341EFE300096A0E /* Checkbox.swift in Sources */ = {isa = PBXBuildFile; fileRef = 9B8DA4742341EFE300096A0E /* Checkbox.swift */; };
		9B91D6F1262B244100153A8F /* CalendarTagCollectionViewCell.swift in Sources */ = {isa = PBXBuildFile; fileRef = 9B91D6F0262B244100153A8F /* CalendarTagCollectionViewCell.swift */; };
		9B91D6F5262B256A00153A8F /* Tag.swift in Sources */ = {isa = PBXBuildFile; fileRef = 9B91D6F4262B256A00153A8F /* Tag.swift */; };
		9B9FEC6F24924AE400162F27 /* CalendarAddTodoViewController.swift in Sources */ = {isa = PBXBuildFile; fileRef = 9B9FEC6E24924AE400162F27 /* CalendarAddTodoViewController.swift */; };
		9BC7FE97263E80F3001E7387 /* ProjectBoard.swift in Sources */ = {isa = PBXBuildFile; fileRef = 9BC7FE96263E80F3001E7387 /* ProjectBoard.swift */; };
		9BC7FE9A263E830A001E7387 /* ProCoreDataDelegate.swift in Sources */ = {isa = PBXBuildFile; fileRef = 9BC7FE99263E830A001E7387 /* ProCoreDataDelegate.swift */; };
		9BC9304325BEB6EB00A27000 /* MainViewController.swift in Sources */ = {isa = PBXBuildFile; fileRef = 9BC9304225BEB6EB00A27000 /* MainViewController.swift */; };
		9BF2BF0626355C91006794F1 /* ProjectBoardCollectionViewCell.swift in Sources */ = {isa = PBXBuildFile; fileRef = 9BF2BF0526355C91006794F1 /* ProjectBoardCollectionViewCell.swift */; };
		9BF4F08A2629757300CFF96E /* MainProjectCollectionViewCell.swift in Sources */ = {isa = PBXBuildFile; fileRef = 9BF4F0892629757300CFF96E /* MainProjectCollectionViewCell.swift */; };
		9BF4F0962629772B00CFF96E /* Project.swift in Sources */ = {isa = PBXBuildFile; fileRef = 9BF4F0952629772B00CFF96E /* Project.swift */; };
		9BF4F09D2629856F00CFF96E /* ProjectTableViewCell.swift in Sources */ = {isa = PBXBuildFile; fileRef = 9BF4F09C2629856F00CFF96E /* ProjectTableViewCell.swift */; };
/* End PBXBuildFile section */

/* Begin PBXFileReference section */
		3F46671127667ED862B36A21 /* Pods-proTodo.debug.xcconfig */ = {isa = PBXFileReference; includeInIndex = 1; lastKnownFileType = text.xcconfig; name = "Pods-proTodo.debug.xcconfig"; path = "Target Support Files/Pods-proTodo/Pods-proTodo.debug.xcconfig"; sourceTree = "<group>"; };
		7B1D4205DDABE980F08B5843 /* Pods_proTodo.framework */ = {isa = PBXFileReference; explicitFileType = wrapper.framework; includeInIndex = 0; path = Pods_proTodo.framework; sourceTree = BUILT_PRODUCTS_DIR; };
		7EB44766FFD0929662857BAD /* Pods-proTodo.release.xcconfig */ = {isa = PBXFileReference; includeInIndex = 1; lastKnownFileType = text.xcconfig; name = "Pods-proTodo.release.xcconfig"; path = "Target Support Files/Pods-proTodo/Pods-proTodo.release.xcconfig"; sourceTree = "<group>"; };
		9B0BDE0726282A68009F4552 /* Date+.swift */ = {isa = PBXFileReference; lastKnownFileType = sourcecode.swift; path = "Date+.swift"; sourceTree = "<group>"; };
		9B0BDE0C26282AE0009F4552 /* Color+.swift */ = {isa = PBXFileReference; lastKnownFileType = sourcecode.swift; path = "Color+.swift"; sourceTree = "<group>"; };
		9B0BF7662636CF030072A083 /* ProjectCreateViewController.swift */ = {isa = PBXFileReference; lastKnownFileType = sourcecode.swift; path = ProjectCreateViewController.swift; sourceTree = "<group>"; };
		9B0BF7692636DB4A0072A083 /* ProjectCreateTableViewCell.swift */ = {isa = PBXFileReference; lastKnownFileType = sourcecode.swift; path = ProjectCreateTableViewCell.swift; sourceTree = "<group>"; };
		9B0EF5C226298C4100BFDAF6 /* MainTodoCollectionViewCell.swift */ = {isa = PBXFileReference; fileEncoding = 4; lastKnownFileType = sourcecode.swift; path = MainTodoCollectionViewCell.swift; sourceTree = "<group>"; };
		9B12C26A2637CDAE00DDFE9E /* Todo.xcdatamodel */ = {isa = PBXFileReference; lastKnownFileType = wrapper.xcdatamodel; path = Todo.xcdatamodel; sourceTree = "<group>"; };
		9B1875432635C09D00C8FD98 /* UICollectionViewCell+.swift */ = {isa = PBXFileReference; lastKnownFileType = sourcecode.swift; path = "UICollectionViewCell+.swift"; sourceTree = "<group>"; };
		9B2104B3262C0BAA004C24ED /* Colors.swift */ = {isa = PBXFileReference; lastKnownFileType = sourcecode.swift; path = Colors.swift; sourceTree = "<group>"; };
		9B2104B6262C146C004C24ED /* CalendarTagColorCollectionViewCell.swift */ = {isa = PBXFileReference; lastKnownFileType = sourcecode.swift; path = CalendarTagColorCollectionViewCell.swift; sourceTree = "<group>"; };
		9B2104BC262D52B0004C24ED /* LabelCollectionViewLayout.swift */ = {isa = PBXFileReference; lastKnownFileType = sourcecode.swift; path = LabelCollectionViewLayout.swift; sourceTree = "<group>"; };
		9B2104C0262D7191004C24ED /* ProjectBoardViewController.swift */ = {isa = PBXFileReference; lastKnownFileType = sourcecode.swift; path = ProjectBoardViewController.swift; sourceTree = "<group>"; };
		9B2104C4262D728C004C24ED /* ProjectBoardTableViewCell.swift */ = {isa = PBXFileReference; lastKnownFileType = sourcecode.swift; path = ProjectBoardTableViewCell.swift; sourceTree = "<group>"; };
		9B30360C2341C24E0094550A /* proTodo.app */ = {isa = PBXFileReference; explicitFileType = wrapper.application; includeInIndex = 0; path = proTodo.app; sourceTree = BUILT_PRODUCTS_DIR; };
		9B30360F2341C24E0094550A /* AppDelegate.swift */ = {isa = PBXFileReference; lastKnownFileType = sourcecode.swift; path = AppDelegate.swift; sourceTree = "<group>"; };
		9B3036112341C24E0094550A /* SceneDelegate.swift */ = {isa = PBXFileReference; lastKnownFileType = sourcecode.swift; path = SceneDelegate.swift; sourceTree = "<group>"; };
		9B3036132341C24E0094550A /* CustomSegmentedControl.swift */ = {isa = PBXFileReference; lastKnownFileType = sourcecode.swift; path = CustomSegmentedControl.swift; sourceTree = "<group>"; };
		9B3036162341C24E0094550A /* Base */ = {isa = PBXFileReference; lastKnownFileType = file.storyboard; name = Base; path = Base.lproj/Main.storyboard; sourceTree = "<group>"; };
		9B3036182341C24F0094550A /* Assets.xcassets */ = {isa = PBXFileReference; lastKnownFileType = folder.assetcatalog; path = Assets.xcassets; sourceTree = "<group>"; };
		9B30361B2341C24F0094550A /* Base */ = {isa = PBXFileReference; lastKnownFileType = file.storyboard; name = Base; path = Base.lproj/LaunchScreen.storyboard; sourceTree = "<group>"; };
		9B30361D2341C24F0094550A /* Info.plist */ = {isa = PBXFileReference; lastKnownFileType = text.plist.xml; path = Info.plist; sourceTree = "<group>"; };
		9B32B665263FEB8600F386C7 /* ManagedTodo+CoreDataProperties.swift */ = {isa = PBXFileReference; fileEncoding = 4; lastKnownFileType = sourcecode.swift; path = "ManagedTodo+CoreDataProperties.swift"; sourceTree = "<group>"; };
		9B32B666263FEB8600F386C7 /* ManagedProject+CoreDataProperties.swift */ = {isa = PBXFileReference; fileEncoding = 4; lastKnownFileType = sourcecode.swift; path = "ManagedProject+CoreDataProperties.swift"; sourceTree = "<group>"; };
		9B32B667263FEB8600F386C7 /* ManagedTag+CoreDataClass.swift */ = {isa = PBXFileReference; fileEncoding = 4; lastKnownFileType = sourcecode.swift; path = "ManagedTag+CoreDataClass.swift"; sourceTree = "<group>"; };
		9B32B668263FEB8600F386C7 /* ManagedTodo+CoreDataClass.swift */ = {isa = PBXFileReference; fileEncoding = 4; lastKnownFileType = sourcecode.swift; path = "ManagedTodo+CoreDataClass.swift"; sourceTree = "<group>"; };
		9B32B669263FEB8600F386C7 /* ManagedTag+CoreDataProperties.swift */ = {isa = PBXFileReference; fileEncoding = 4; lastKnownFileType = sourcecode.swift; path = "ManagedTag+CoreDataProperties.swift"; sourceTree = "<group>"; };
		9B32B66A263FEB8600F386C7 /* ManagedProjectBoard+CoreDataProperties.swift */ = {isa = PBXFileReference; fileEncoding = 4; lastKnownFileType = sourcecode.swift; path = "ManagedProjectBoard+CoreDataProperties.swift"; sourceTree = "<group>"; };
		9B32B66B263FEB8600F386C7 /* ManagedProjectBoard+CoreDataClass.swift */ = {isa = PBXFileReference; fileEncoding = 4; lastKnownFileType = sourcecode.swift; path = "ManagedProjectBoard+CoreDataClass.swift"; sourceTree = "<group>"; };
		9B32B66C263FEB8600F386C7 /* ManagedProject+CoreDataClass.swift */ = {isa = PBXFileReference; fileEncoding = 4; lastKnownFileType = sourcecode.swift; path = "ManagedProject+CoreDataClass.swift"; sourceTree = "<group>"; };
		9B5E286C2341F44800750096 /* Todo.swift */ = {isa = PBXFileReference; lastKnownFileType = sourcecode.swift; path = Todo.swift; sourceTree = "<group>"; };
		9B5E286E2341FA0500750096 /* CalendarTodoTableViewCell.swift */ = {isa = PBXFileReference; lastKnownFileType = sourcecode.swift; path = CalendarTodoTableViewCell.swift; sourceTree = "<group>"; };
		9B8DA4742341EFE300096A0E /* Checkbox.swift */ = {isa = PBXFileReference; lastKnownFileType = sourcecode.swift; path = Checkbox.swift; sourceTree = "<group>"; };
		9B91D6F0262B244100153A8F /* CalendarTagCollectionViewCell.swift */ = {isa = PBXFileReference; lastKnownFileType = sourcecode.swift; path = CalendarTagCollectionViewCell.swift; sourceTree = "<group>"; };
		9B91D6F4262B256A00153A8F /* Tag.swift */ = {isa = PBXFileReference; lastKnownFileType = sourcecode.swift; path = Tag.swift; sourceTree = "<group>"; };
		9B9FEC6E24924AE400162F27 /* CalendarAddTodoViewController.swift */ = {isa = PBXFileReference; lastKnownFileType = sourcecode.swift; path = CalendarAddTodoViewController.swift; sourceTree = "<group>"; };
		9BC7FE96263E80F3001E7387 /* ProjectBoard.swift */ = {isa = PBXFileReference; lastKnownFileType = sourcecode.swift; path = ProjectBoard.swift; sourceTree = "<group>"; };
		9BC7FE99263E830A001E7387 /* ProCoreDataDelegate.swift */ = {isa = PBXFileReference; lastKnownFileType = sourcecode.swift; path = ProCoreDataDelegate.swift; sourceTree = "<group>"; };
		9BC9304225BEB6EB00A27000 /* MainViewController.swift */ = {isa = PBXFileReference; lastKnownFileType = sourcecode.swift; path = MainViewController.swift; sourceTree = "<group>"; };
		9BF2BF0526355C91006794F1 /* ProjectBoardCollectionViewCell.swift */ = {isa = PBXFileReference; lastKnownFileType = sourcecode.swift; path = ProjectBoardCollectionViewCell.swift; sourceTree = "<group>"; };
		9BF4F0892629757300CFF96E /* MainProjectCollectionViewCell.swift */ = {isa = PBXFileReference; lastKnownFileType = sourcecode.swift; path = MainProjectCollectionViewCell.swift; sourceTree = "<group>"; };
		9BF4F0952629772B00CFF96E /* Project.swift */ = {isa = PBXFileReference; lastKnownFileType = sourcecode.swift; path = Project.swift; sourceTree = "<group>"; };
		9BF4F09C2629856F00CFF96E /* ProjectTableViewCell.swift */ = {isa = PBXFileReference; lastKnownFileType = sourcecode.swift; path = ProjectTableViewCell.swift; sourceTree = "<group>"; };
/* End PBXFileReference section */

/* Begin PBXFrameworksBuildPhase section */
		9B3036092341C24E0094550A /* Frameworks */ = {
			isa = PBXFrameworksBuildPhase;
			buildActionMask = 2147483647;
			files = (
				7DBC02765E8E95E4FF472D41 /* Pods_proTodo.framework in Frameworks */,
			);
			runOnlyForDeploymentPostprocessing = 0;
		};
/* End PBXFrameworksBuildPhase section */

/* Begin PBXGroup section */
		8AF3765514C704BA34A53817 /* Frameworks */ = {
			isa = PBXGroup;
			children = (
				7B1D4205DDABE980F08B5843 /* Pods_proTodo.framework */,
			);
			name = Frameworks;
			sourceTree = "<group>";
		};
		9B0BDDFC2628293E009F4552 /* ViewController */ = {
			isa = PBXGroup;
			children = (
				9BC9304225BEB6EB00A27000 /* MainViewController.swift */,
				9B0EF5C226298C4100BFDAF6 /* MainTodoCollectionViewCell.swift */,
				9BF4F0892629757300CFF96E /* MainProjectCollectionViewCell.swift */,
				9B9FEC6C24923DFB00162F27 /* Calendar */,
				9B0BDE1F26282D4A009F4552 /* Project */,
			);
			path = ViewController;
			sourceTree = "<group>";
		};
		9B0BDDFD26282944009F4552 /* Model */ = {
			isa = PBXGroup;
			children = (
				9BC7FE74263E7580001E7387 /* CoreData */,
				9B5E286C2341F44800750096 /* Todo.swift */,
				9BF4F0952629772B00CFF96E /* Project.swift */,
				9B91D6F4262B256A00153A8F /* Tag.swift */,
				9B2104B3262C0BAA004C24ED /* Colors.swift */,
				9BC7FE96263E80F3001E7387 /* ProjectBoard.swift */,
			);
			path = Model;
			sourceTree = "<group>";
		};
		9B0BDDFE26282984009F4552 /* ViewModel */ = {
			isa = PBXGroup;
			children = (
			);
			path = ViewModel;
			sourceTree = "<group>";
		};
		9B0BDDFF26282989009F4552 /* Supporting Files */ = {
			isa = PBXGroup;
			children = (
				9B3036112341C24E0094550A /* SceneDelegate.swift */,
				9B30360F2341C24E0094550A /* AppDelegate.swift */,
				9B3036182341C24F0094550A /* Assets.xcassets */,
				9B30361D2341C24F0094550A /* Info.plist */,
			);
			path = "Supporting Files";
			sourceTree = "<group>";
		};
		9B0BDE0626282A46009F4552 /* Resource */ = {
			isa = PBXGroup;
			children = (
				9B8DA4742341EFE300096A0E /* Checkbox.swift */,
				9B3036132341C24E0094550A /* CustomSegmentedControl.swift */,
				9B2104BC262D52B0004C24ED /* LabelCollectionViewLayout.swift */,
				9BC7FE99263E830A001E7387 /* ProCoreDataDelegate.swift */,
			);
			path = Resource;
			sourceTree = "<group>";
		};
		9B0BDE1F26282D4A009F4552 /* Project */ = {
			isa = PBXGroup;
			children = (
				9BF4F09C2629856F00CFF96E /* ProjectTableViewCell.swift */,
				9B2104C0262D7191004C24ED /* ProjectBoardViewController.swift */,
				9BF2BF0526355C91006794F1 /* ProjectBoardCollectionViewCell.swift */,
				9B2104C4262D728C004C24ED /* ProjectBoardTableViewCell.swift */,
				9B0BF7662636CF030072A083 /* ProjectCreateViewController.swift */,
				9B0BF7692636DB4A0072A083 /* ProjectCreateTableViewCell.swift */,
			);
			path = Project;
			sourceTree = "<group>";
		};
		9B3036032341C24E0094550A = {
			isa = PBXGroup;
			children = (
				9B30360E2341C24E0094550A /* proTodo */,
				9B30360D2341C24E0094550A /* Products */,
				C64F041D20884C870EF9E317 /* Pods */,
				8AF3765514C704BA34A53817 /* Frameworks */,
			);
			sourceTree = "<group>";
		};
		9B30360D2341C24E0094550A /* Products */ = {
			isa = PBXGroup;
			children = (
				9B30360C2341C24E0094550A /* proTodo.app */,
			);
			name = Products;
			sourceTree = "<group>";
		};
		9B30360E2341C24E0094550A /* proTodo */ = {
			isa = PBXGroup;
			children = (
				9B3036152341C24E0094550A /* Main.storyboard */,
				9B30361A2341C24F0094550A /* LaunchScreen.storyboard */,
				9B12C2692637CDAE00DDFE9E /* Model.xcdatamodeld */,
				9B0BDDFF26282989009F4552 /* Supporting Files */,
				9B3036272341C31E0094550A /* Extension */,
				9B0BDE0626282A46009F4552 /* Resource */,
				9B0BDDFD26282944009F4552 /* Model */,
				9B0BDDFE26282984009F4552 /* ViewModel */,
				9B0BDDFC2628293E009F4552 /* ViewController */,
			);
			path = proTodo;
			sourceTree = "<group>";
		};
		9B3036272341C31E0094550A /* Extension */ = {
			isa = PBXGroup;
			children = (
				9B0BDE0726282A68009F4552 /* Date+.swift */,
				9B0BDE0C26282AE0009F4552 /* Color+.swift */,
				9B1875432635C09D00C8FD98 /* UICollectionViewCell+.swift */,
			);
			path = Extension;
			sourceTree = "<group>";
		};
		9B9FEC6C24923DFB00162F27 /* Calendar */ = {
			isa = PBXGroup;
			children = (
				9B5E286E2341FA0500750096 /* CalendarTodoTableViewCell.swift */,
				9B9FEC6E24924AE400162F27 /* CalendarAddTodoViewController.swift */,
				9B91D6F0262B244100153A8F /* CalendarTagCollectionViewCell.swift */,
				9B2104B6262C146C004C24ED /* CalendarTagColorCollectionViewCell.swift */,
			);
			path = Calendar;
			sourceTree = "<group>";
		};
		9BC7FE74263E7580001E7387 /* CoreData */ = {
			isa = PBXGroup;
			children = (
				9B32B66C263FEB8600F386C7 /* ManagedProject+CoreDataClass.swift */,
				9B32B666263FEB8600F386C7 /* ManagedProject+CoreDataProperties.swift */,
				9B32B66B263FEB8600F386C7 /* ManagedProjectBoard+CoreDataClass.swift */,
				9B32B66A263FEB8600F386C7 /* ManagedProjectBoard+CoreDataProperties.swift */,
				9B32B667263FEB8600F386C7 /* ManagedTag+CoreDataClass.swift */,
				9B32B669263FEB8600F386C7 /* ManagedTag+CoreDataProperties.swift */,
				9B32B668263FEB8600F386C7 /* ManagedTodo+CoreDataClass.swift */,
				9B32B665263FEB8600F386C7 /* ManagedTodo+CoreDataProperties.swift */,
			);
			path = CoreData;
			sourceTree = "<group>";
		};
		C64F041D20884C870EF9E317 /* Pods */ = {
			isa = PBXGroup;
			children = (
				3F46671127667ED862B36A21 /* Pods-proTodo.debug.xcconfig */,
				7EB44766FFD0929662857BAD /* Pods-proTodo.release.xcconfig */,
			);
			path = Pods;
			sourceTree = "<group>";
		};
/* End PBXGroup section */

/* Begin PBXNativeTarget section */
		9B30360B2341C24E0094550A /* proTodo */ = {
			isa = PBXNativeTarget;
			buildConfigurationList = 9B3036202341C24F0094550A /* Build configuration list for PBXNativeTarget "proTodo" */;
			buildPhases = (
				1E2F23A40978B5155AB16D99 /* [CP] Check Pods Manifest.lock */,
				9B3036082341C24E0094550A /* Sources */,
				9B3036092341C24E0094550A /* Frameworks */,
				9B30360A2341C24E0094550A /* Resources */,
				3B4F996B2B4A50544B6D7244 /* [CP] Embed Pods Frameworks */,
			);
			buildRules = (
			);
			dependencies = (
			);
			name = proTodo;
			productName = proTodo;
			productReference = 9B30360C2341C24E0094550A /* proTodo.app */;
			productType = "com.apple.product-type.application";
		};
/* End PBXNativeTarget section */

/* Begin PBXProject section */
		9B3036042341C24E0094550A /* Project object */ = {
			isa = PBXProject;
			attributes = {
				LastSwiftUpdateCheck = 1100;
				LastUpgradeCheck = 1100;
				ORGANIZATIONNAME = "성다연";
				TargetAttributes = {
					9B30360B2341C24E0094550A = {
						CreatedOnToolsVersion = 11.0;
					};
				};
			};
			buildConfigurationList = 9B3036072341C24E0094550A /* Build configuration list for PBXProject "proTodo" */;
			compatibilityVersion = "Xcode 9.3";
			developmentRegion = en;
			hasScannedForEncodings = 0;
			knownRegions = (
				en,
				Base,
			);
			mainGroup = 9B3036032341C24E0094550A;
			productRefGroup = 9B30360D2341C24E0094550A /* Products */;
			projectDirPath = "";
			projectRoot = "";
			targets = (
				9B30360B2341C24E0094550A /* proTodo */,
			);
		};
/* End PBXProject section */

/* Begin PBXResourcesBuildPhase section */
		9B30360A2341C24E0094550A /* Resources */ = {
			isa = PBXResourcesBuildPhase;
			buildActionMask = 2147483647;
			files = (
			);
			runOnlyForDeploymentPostprocessing = 0;
		};
/* End PBXResourcesBuildPhase section */

/* Begin PBXShellScriptBuildPhase section */
		1E2F23A40978B5155AB16D99 /* [CP] Check Pods Manifest.lock */ = {
			isa = PBXShellScriptBuildPhase;
			buildActionMask = 2147483647;
			files = (
			);
			inputFileListPaths = (
			);
			inputPaths = (
				"${PODS_PODFILE_DIR_PATH}/Podfile.lock",
				"${PODS_ROOT}/Manifest.lock",
			);
			name = "[CP] Check Pods Manifest.lock";
			outputFileListPaths = (
			);
			outputPaths = (
				"$(DERIVED_FILE_DIR)/Pods-proTodo-checkManifestLockResult.txt",
			);
			runOnlyForDeploymentPostprocessing = 0;
			shellPath = /bin/sh;
			shellScript = "diff \"${PODS_PODFILE_DIR_PATH}/Podfile.lock\" \"${PODS_ROOT}/Manifest.lock\" > /dev/null\nif [ $? != 0 ] ; then\n    # print error to STDERR\n    echo \"error: The sandbox is not in sync with the Podfile.lock. Run 'pod install' or update your CocoaPods installation.\" >&2\n    exit 1\nfi\n# This output is used by Xcode 'outputs' to avoid re-running this script phase.\necho \"SUCCESS\" > \"${SCRIPT_OUTPUT_FILE_0}\"\n";
			showEnvVarsInLog = 0;
		};
		3B4F996B2B4A50544B6D7244 /* [CP] Embed Pods Frameworks */ = {
			isa = PBXShellScriptBuildPhase;
			buildActionMask = 2147483647;
			files = (
			);
			inputFileListPaths = (
				"${PODS_ROOT}/Target Support Files/Pods-proTodo/Pods-proTodo-frameworks-${CONFIGURATION}-input-files.xcfilelist",
			);
			name = "[CP] Embed Pods Frameworks";
			outputFileListPaths = (
				"${PODS_ROOT}/Target Support Files/Pods-proTodo/Pods-proTodo-frameworks-${CONFIGURATION}-output-files.xcfilelist",
			);
			runOnlyForDeploymentPostprocessing = 0;
			shellPath = /bin/sh;
			shellScript = "\"${PODS_ROOT}/Target Support Files/Pods-proTodo/Pods-proTodo-frameworks.sh\"\n";
			showEnvVarsInLog = 0;
		};
/* End PBXShellScriptBuildPhase section */

/* Begin PBXSourcesBuildPhase section */
		9B3036082341C24E0094550A /* Sources */ = {
			isa = PBXSourcesBuildPhase;
			buildActionMask = 2147483647;
			files = (
				9B32B689263FED5800F386C7 /* ManagedProject+CoreDataClass.swift in Sources */,
				9B32B68A263FED5800F386C7 /* ManagedProject+CoreDataProperties.swift in Sources */,
				9B32B68D263FED5800F386C7 /* ManagedTag+CoreDataClass.swift in Sources */,
				9B32B68E263FED5800F386C7 /* ManagedTag+CoreDataProperties.swift in Sources */,
				9B32B68F263FED5800F386C7 /* ManagedTodo+CoreDataClass.swift in Sources */,
				9B32B690263FED5800F386C7 /* ManagedTodo+CoreDataProperties.swift in Sources */,
				9B91D6F5262B256A00153A8F /* Tag.swift in Sources */,
				9B0BDE0D26282AE0009F4552 /* Color+.swift in Sources */,
				9B0BF7672636CF030072A083 /* ProjectCreateViewController.swift in Sources */,
				9B12C26B2637CDAE00DDFE9E /* Model.xcdatamodeld in Sources */,
				9BC9304325BEB6EB00A27000 /* MainViewController.swift in Sources */,
				9B3036142341C24E0094550A /* CustomSegmentedControl.swift in Sources */,
				9B2104C5262D728C004C24ED /* ProjectBoardTableViewCell.swift in Sources */,
				9B9FEC6F24924AE400162F27 /* CalendarAddTodoViewController.swift in Sources */,
				9B2104B7262C146C004C24ED /* CalendarTagColorCollectionViewCell.swift in Sources */,
				9B0EF5C326298C4100BFDAF6 /* MainTodoCollectionViewCell.swift in Sources */,
				9B8DA4752341EFE300096A0E /* Checkbox.swift in Sources */,
				9B3036102341C24E0094550A /* AppDelegate.swift in Sources */,
				9BF4F08A2629757300CFF96E /* MainProjectCollectionViewCell.swift in Sources */,
				9B0BDE0826282A68009F4552 /* Date+.swift in Sources */,
				9BF2BF0626355C91006794F1 /* ProjectBoardCollectionViewCell.swift in Sources */,
				9B3036122341C24E0094550A /* SceneDelegate.swift in Sources */,
				9B0BF76A2636DB4A0072A083 /* ProjectCreateTableViewCell.swift in Sources */,
				9BC7FE9A263E830A001E7387 /* ProCoreDataDelegate.swift in Sources */,
				9B1875442635C09D00C8FD98 /* UICollectionViewCell+.swift in Sources */,
				9BC7FE97263E80F3001E7387 /* ProjectBoard.swift in Sources */,
				9B5E286D2341F44800750096 /* Todo.swift in Sources */,
				9B2104B4262C0BAA004C24ED /* Colors.swift in Sources */,
				9B5E286F2341FA0500750096 /* CalendarTodoTableViewCell.swift in Sources */,
				9BF4F09D2629856F00CFF96E /* ProjectTableViewCell.swift in Sources */,
				9BF4F0962629772B00CFF96E /* Project.swift in Sources */,
				9B2104BD262D52B0004C24ED /* LabelCollectionViewLayout.swift in Sources */,
				9B91D6F1262B244100153A8F /* CalendarTagCollectionViewCell.swift in Sources */,
				9B2104C1262D7191004C24ED /* ProjectBoardViewController.swift in Sources */,
			);
			runOnlyForDeploymentPostprocessing = 0;
		};
/* End PBXSourcesBuildPhase section */

/* Begin PBXVariantGroup section */
		9B3036152341C24E0094550A /* Main.storyboard */ = {
			isa = PBXVariantGroup;
			children = (
				9B3036162341C24E0094550A /* Base */,
			);
			name = Main.storyboard;
			sourceTree = "<group>";
		};
		9B30361A2341C24F0094550A /* LaunchScreen.storyboard */ = {
			isa = PBXVariantGroup;
			children = (
				9B30361B2341C24F0094550A /* Base */,
			);
			name = LaunchScreen.storyboard;
			sourceTree = "<group>";
		};
/* End PBXVariantGroup section */

/* Begin XCBuildConfiguration section */
		9B30361E2341C24F0094550A /* Debug */ = {
			isa = XCBuildConfiguration;
			buildSettings = {
				ALWAYS_SEARCH_USER_PATHS = NO;
				CLANG_ANALYZER_NONNULL = YES;
				CLANG_ANALYZER_NUMBER_OBJECT_CONVERSION = YES_AGGRESSIVE;
				CLANG_CXX_LANGUAGE_STANDARD = "gnu++14";
				CLANG_CXX_LIBRARY = "libc++";
				CLANG_ENABLE_MODULES = YES;
				CLANG_ENABLE_OBJC_ARC = YES;
				CLANG_ENABLE_OBJC_WEAK = YES;
				CLANG_WARN_BLOCK_CAPTURE_AUTORELEASING = YES;
				CLANG_WARN_BOOL_CONVERSION = YES;
				CLANG_WARN_COMMA = YES;
				CLANG_WARN_CONSTANT_CONVERSION = YES;
				CLANG_WARN_DEPRECATED_OBJC_IMPLEMENTATIONS = YES;
				CLANG_WARN_DIRECT_OBJC_ISA_USAGE = YES_ERROR;
				CLANG_WARN_DOCUMENTATION_COMMENTS = YES;
				CLANG_WARN_EMPTY_BODY = YES;
				CLANG_WARN_ENUM_CONVERSION = YES;
				CLANG_WARN_INFINITE_RECURSION = YES;
				CLANG_WARN_INT_CONVERSION = YES;
				CLANG_WARN_NON_LITERAL_NULL_CONVERSION = YES;
				CLANG_WARN_OBJC_IMPLICIT_RETAIN_SELF = YES;
				CLANG_WARN_OBJC_LITERAL_CONVERSION = YES;
				CLANG_WARN_OBJC_ROOT_CLASS = YES_ERROR;
				CLANG_WARN_RANGE_LOOP_ANALYSIS = YES;
				CLANG_WARN_STRICT_PROTOTYPES = YES;
				CLANG_WARN_SUSPICIOUS_MOVE = YES;
				CLANG_WARN_UNGUARDED_AVAILABILITY = YES_AGGRESSIVE;
				CLANG_WARN_UNREACHABLE_CODE = YES;
				CLANG_WARN__DUPLICATE_METHOD_MATCH = YES;
				COPY_PHASE_STRIP = NO;
				DEBUG_INFORMATION_FORMAT = dwarf;
				ENABLE_STRICT_OBJC_MSGSEND = YES;
				ENABLE_TESTABILITY = YES;
				GCC_C_LANGUAGE_STANDARD = gnu11;
				GCC_DYNAMIC_NO_PIC = NO;
				GCC_NO_COMMON_BLOCKS = YES;
				GCC_OPTIMIZATION_LEVEL = 0;
				GCC_PREPROCESSOR_DEFINITIONS = (
					"DEBUG=1",
					"$(inherited)",
				);
				GCC_WARN_64_TO_32_BIT_CONVERSION = YES;
				GCC_WARN_ABOUT_RETURN_TYPE = YES_ERROR;
				GCC_WARN_UNDECLARED_SELECTOR = YES;
				GCC_WARN_UNINITIALIZED_AUTOS = YES_AGGRESSIVE;
				GCC_WARN_UNUSED_FUNCTION = YES;
				GCC_WARN_UNUSED_VARIABLE = YES;
				IPHONEOS_DEPLOYMENT_TARGET = 13.0;
				MTL_ENABLE_DEBUG_INFO = INCLUDE_SOURCE;
				MTL_FAST_MATH = YES;
				ONLY_ACTIVE_ARCH = YES;
				SDKROOT = iphoneos;
				SWIFT_ACTIVE_COMPILATION_CONDITIONS = DEBUG;
				SWIFT_OPTIMIZATION_LEVEL = "-Onone";
			};
			name = Debug;
		};
		9B30361F2341C24F0094550A /* Release */ = {
			isa = XCBuildConfiguration;
			buildSettings = {
				ALWAYS_SEARCH_USER_PATHS = NO;
				CLANG_ANALYZER_NONNULL = YES;
				CLANG_ANALYZER_NUMBER_OBJECT_CONVERSION = YES_AGGRESSIVE;
				CLANG_CXX_LANGUAGE_STANDARD = "gnu++14";
				CLANG_CXX_LIBRARY = "libc++";
				CLANG_ENABLE_MODULES = YES;
				CLANG_ENABLE_OBJC_ARC = YES;
				CLANG_ENABLE_OBJC_WEAK = YES;
				CLANG_WARN_BLOCK_CAPTURE_AUTORELEASING = YES;
				CLANG_WARN_BOOL_CONVERSION = YES;
				CLANG_WARN_COMMA = YES;
				CLANG_WARN_CONSTANT_CONVERSION = YES;
				CLANG_WARN_DEPRECATED_OBJC_IMPLEMENTATIONS = YES;
				CLANG_WARN_DIRECT_OBJC_ISA_USAGE = YES_ERROR;
				CLANG_WARN_DOCUMENTATION_COMMENTS = YES;
				CLANG_WARN_EMPTY_BODY = YES;
				CLANG_WARN_ENUM_CONVERSION = YES;
				CLANG_WARN_INFINITE_RECURSION = YES;
				CLANG_WARN_INT_CONVERSION = YES;
				CLANG_WARN_NON_LITERAL_NULL_CONVERSION = YES;
				CLANG_WARN_OBJC_IMPLICIT_RETAIN_SELF = YES;
				CLANG_WARN_OBJC_LITERAL_CONVERSION = YES;
				CLANG_WARN_OBJC_ROOT_CLASS = YES_ERROR;
				CLANG_WARN_RANGE_LOOP_ANALYSIS = YES;
				CLANG_WARN_STRICT_PROTOTYPES = YES;
				CLANG_WARN_SUSPICIOUS_MOVE = YES;
				CLANG_WARN_UNGUARDED_AVAILABILITY = YES_AGGRESSIVE;
				CLANG_WARN_UNREACHABLE_CODE = YES;
				CLANG_WARN__DUPLICATE_METHOD_MATCH = YES;
				COPY_PHASE_STRIP = NO;
				DEBUG_INFORMATION_FORMAT = "dwarf-with-dsym";
				ENABLE_NS_ASSERTIONS = NO;
				ENABLE_STRICT_OBJC_MSGSEND = YES;
				GCC_C_LANGUAGE_STANDARD = gnu11;
				GCC_NO_COMMON_BLOCKS = YES;
				GCC_WARN_64_TO_32_BIT_CONVERSION = YES;
				GCC_WARN_ABOUT_RETURN_TYPE = YES_ERROR;
				GCC_WARN_UNDECLARED_SELECTOR = YES;
				GCC_WARN_UNINITIALIZED_AUTOS = YES_AGGRESSIVE;
				GCC_WARN_UNUSED_FUNCTION = YES;
				GCC_WARN_UNUSED_VARIABLE = YES;
				IPHONEOS_DEPLOYMENT_TARGET = 13.0;
				MTL_ENABLE_DEBUG_INFO = NO;
				MTL_FAST_MATH = YES;
				SDKROOT = iphoneos;
				SWIFT_COMPILATION_MODE = wholemodule;
				SWIFT_OPTIMIZATION_LEVEL = "-O";
				VALIDATE_PRODUCT = YES;
			};
			name = Release;
		};
		9B3036212341C24F0094550A /* Debug */ = {
			isa = XCBuildConfiguration;
			baseConfigurationReference = 3F46671127667ED862B36A21 /* Pods-proTodo.debug.xcconfig */;
			buildSettings = {
				ASSETCATALOG_COMPILER_APPICON_NAME = AppIcon;
				CODE_SIGN_STYLE = Automatic;
				DEVELOPMENT_TEAM = NU8G5ASQP7;
				INFOPLIST_FILE = "proTodo/Supporting Files/Info.plist";
				IPHONEOS_DEPLOYMENT_TARGET = 13.0;
				LD_RUNPATH_SEARCH_PATHS = (
					"$(inherited)",
					"@executable_path/Frameworks",
				);
				PRODUCT_BUNDLE_IDENTIFIER = dayuen.ios.protodo;
				PRODUCT_NAME = "$(TARGET_NAME)";
				SWIFT_VERSION = 5.0;
				TARGETED_DEVICE_FAMILY = "1,2";
			};
			name = Debug;
		};
		9B3036222341C24F0094550A /* Release */ = {
			isa = XCBuildConfiguration;
			baseConfigurationReference = 7EB44766FFD0929662857BAD /* Pods-proTodo.release.xcconfig */;
			buildSettings = {
				ASSETCATALOG_COMPILER_APPICON_NAME = AppIcon;
				CODE_SIGN_STYLE = Automatic;
				DEVELOPMENT_TEAM = NU8G5ASQP7;
				INFOPLIST_FILE = "proTodo/Supporting Files/Info.plist";
				IPHONEOS_DEPLOYMENT_TARGET = 13.0;
				LD_RUNPATH_SEARCH_PATHS = (
					"$(inherited)",
					"@executable_path/Frameworks",
				);
				PRODUCT_BUNDLE_IDENTIFIER = dayuen.ios.protodo;
				PRODUCT_NAME = "$(TARGET_NAME)";
				SWIFT_VERSION = 5.0;
				TARGETED_DEVICE_FAMILY = "1,2";
			};
			name = Release;
		};
/* End XCBuildConfiguration section */

/* Begin XCConfigurationList section */
		9B3036072341C24E0094550A /* Build configuration list for PBXProject "proTodo" */ = {
			isa = XCConfigurationList;
			buildConfigurations = (
				9B30361E2341C24F0094550A /* Debug */,
				9B30361F2341C24F0094550A /* Release */,
			);
			defaultConfigurationIsVisible = 0;
			defaultConfigurationName = Release;
		};
		9B3036202341C24F0094550A /* Build configuration list for PBXNativeTarget "proTodo" */ = {
			isa = XCConfigurationList;
			buildConfigurations = (
				9B3036212341C24F0094550A /* Debug */,
				9B3036222341C24F0094550A /* Release */,
			);
			defaultConfigurationIsVisible = 0;
			defaultConfigurationName = Release;
		};
/* End XCConfigurationList section */

/* Begin XCVersionGroup section */
		9B12C2692637CDAE00DDFE9E /* Model.xcdatamodeld */ = {
			isa = XCVersionGroup;
			children = (
				9B12C26A2637CDAE00DDFE9E /* Todo.xcdatamodel */,
			);
			currentVersion = 9B12C26A2637CDAE00DDFE9E /* Todo.xcdatamodel */;
			path = Model.xcdatamodeld;
			sourceTree = "<group>";
			versionGroupType = wrapper.xcdatamodel;
		};
/* End XCVersionGroup section */
	};
	rootObject = 9B3036042341C24E0094550A /* Project object */;
}
