// !$*UTF8*$!
{
	archiveVersion = 1;
	classes = {
	};
	objectVersion = 51;
	objects = {

/* Begin PBXBuildFile section */
		7DBC02765E8E95E4FF472D41 /* Pods_proTodo.framework in Frameworks */ = {isa = PBXBuildFile; fileRef = 7B1D4205DDABE980F08B5843 /* Pods_proTodo.framework */; };
		9B0BDE0826282A68009F4552 /* Date+.swift in Sources */ = {isa = PBXBuildFile; fileRef = 9B0BDE0726282A68009F4552 /* Date+.swift */; };
		9B0BDE0D26282AE0009F4552 /* Color+.swift in Sources */ = {isa = PBXBuildFile; fileRef = 9B0BDE0C26282AE0009F4552 /* Color+.swift */; };
		9B0BDE23262830A6009F4552 /* todoCollectionViewCell.swift in Sources */ = {isa = PBXBuildFile; fileRef = 9B0BDE22262830A6009F4552 /* todoCollectionViewCell.swift */; };
		9B1E6E1E23963B6D002019D8 /* createViewController.swift in Sources */ = {isa = PBXBuildFile; fileRef = 9B1E6E1D23963B6D002019D8 /* createViewController.swift */; };
		9B3036102341C24E0094550A /* AppDelegate.swift in Sources */ = {isa = PBXBuildFile; fileRef = 9B30360F2341C24E0094550A /* AppDelegate.swift */; };
		9B3036122341C24E0094550A /* SceneDelegate.swift in Sources */ = {isa = PBXBuildFile; fileRef = 9B3036112341C24E0094550A /* SceneDelegate.swift */; };
		9B3036142341C24E0094550A /* CustomSegmentedControl.swift in Sources */ = {isa = PBXBuildFile; fileRef = 9B3036132341C24E0094550A /* CustomSegmentedControl.swift */; };
		9B3036172341C24E0094550A /* Main.storyboard in Resources */ = {isa = PBXBuildFile; fileRef = 9B3036152341C24E0094550A /* Main.storyboard */; };
		9B3036192341C24F0094550A /* Assets.xcassets in Resources */ = {isa = PBXBuildFile; fileRef = 9B3036182341C24F0094550A /* Assets.xcassets */; };
		9B30361C2341C24F0094550A /* LaunchScreen.storyboard in Resources */ = {isa = PBXBuildFile; fileRef = 9B30361A2341C24F0094550A /* LaunchScreen.storyboard */; };
		9B5E286D2341F44800750096 /* todoData.swift in Sources */ = {isa = PBXBuildFile; fileRef = 9B5E286C2341F44800750096 /* todoData.swift */; };
		9B5E286F2341FA0500750096 /* todoTableViewCell.swift in Sources */ = {isa = PBXBuildFile; fileRef = 9B5E286E2341FA0500750096 /* todoTableViewCell.swift */; };
		9B8DA4752341EFE300096A0E /* Checkbox.swift in Sources */ = {isa = PBXBuildFile; fileRef = 9B8DA4742341EFE300096A0E /* Checkbox.swift */; };
		9B9FEC6B24923DC700162F27 /* calendarViewController.swift in Sources */ = {isa = PBXBuildFile; fileRef = 9B9FEC6A24923DC700162F27 /* calendarViewController.swift */; };
		9B9FEC6F24924AE400162F27 /* calendarAddTodoVC.swift in Sources */ = {isa = PBXBuildFile; fileRef = 9B9FEC6E24924AE400162F27 /* calendarAddTodoVC.swift */; };
		9BC9304325BEB6EB00A27000 /* mainViewController.swift in Sources */ = {isa = PBXBuildFile; fileRef = 9BC9304225BEB6EB00A27000 /* mainViewController.swift */; };
		9BD1E73523C5DBA9007DCCEA /* CustomTabbar.swift in Sources */ = {isa = PBXBuildFile; fileRef = 9BD1E73423C5DBA9007DCCEA /* CustomTabbar.swift */; };
		9BD1E73723C5DE45007DCCEA /* CustomTabbarCell.swift in Sources */ = {isa = PBXBuildFile; fileRef = 9BD1E73623C5DE45007DCCEA /* CustomTabbarCell.swift */; };
/* End PBXBuildFile section */

/* Begin PBXFileReference section */
		3F46671127667ED862B36A21 /* Pods-proTodo.debug.xcconfig */ = {isa = PBXFileReference; includeInIndex = 1; lastKnownFileType = text.xcconfig; name = "Pods-proTodo.debug.xcconfig"; path = "Target Support Files/Pods-proTodo/Pods-proTodo.debug.xcconfig"; sourceTree = "<group>"; };
		7B1D4205DDABE980F08B5843 /* Pods_proTodo.framework */ = {isa = PBXFileReference; explicitFileType = wrapper.framework; includeInIndex = 0; path = Pods_proTodo.framework; sourceTree = BUILT_PRODUCTS_DIR; };
		7EB44766FFD0929662857BAD /* Pods-proTodo.release.xcconfig */ = {isa = PBXFileReference; includeInIndex = 1; lastKnownFileType = text.xcconfig; name = "Pods-proTodo.release.xcconfig"; path = "Target Support Files/Pods-proTodo/Pods-proTodo.release.xcconfig"; sourceTree = "<group>"; };
		9B0BDE0726282A68009F4552 /* Date+.swift */ = {isa = PBXFileReference; lastKnownFileType = sourcecode.swift; path = "Date+.swift"; sourceTree = "<group>"; };
		9B0BDE0C26282AE0009F4552 /* Color+.swift */ = {isa = PBXFileReference; lastKnownFileType = sourcecode.swift; path = "Color+.swift"; sourceTree = "<group>"; };
		9B0BDE22262830A6009F4552 /* todoCollectionViewCell.swift */ = {isa = PBXFileReference; fileEncoding = 4; lastKnownFileType = sourcecode.swift; name = todoCollectionViewCell.swift; path = "../../../../../../Library/Mobile Documents/com~apple~CloudDocs/.Trash/todoCollectionViewCell.swift"; sourceTree = "<group>"; };
		9B1E6E1D23963B6D002019D8 /* createViewController.swift */ = {isa = PBXFileReference; lastKnownFileType = sourcecode.swift; path = createViewController.swift; sourceTree = "<group>"; };
		9B30360C2341C24E0094550A /* proTodo.app */ = {isa = PBXFileReference; explicitFileType = wrapper.application; includeInIndex = 0; path = proTodo.app; sourceTree = BUILT_PRODUCTS_DIR; };
		9B30360F2341C24E0094550A /* AppDelegate.swift */ = {isa = PBXFileReference; lastKnownFileType = sourcecode.swift; path = AppDelegate.swift; sourceTree = "<group>"; };
		9B3036112341C24E0094550A /* SceneDelegate.swift */ = {isa = PBXFileReference; lastKnownFileType = sourcecode.swift; path = SceneDelegate.swift; sourceTree = "<group>"; };
		9B3036132341C24E0094550A /* CustomSegmentedControl.swift */ = {isa = PBXFileReference; lastKnownFileType = sourcecode.swift; path = CustomSegmentedControl.swift; sourceTree = "<group>"; };
		9B3036162341C24E0094550A /* Base */ = {isa = PBXFileReference; lastKnownFileType = file.storyboard; name = Base; path = Base.lproj/Main.storyboard; sourceTree = "<group>"; };
		9B3036182341C24F0094550A /* Assets.xcassets */ = {isa = PBXFileReference; lastKnownFileType = folder.assetcatalog; path = Assets.xcassets; sourceTree = "<group>"; };
		9B30361B2341C24F0094550A /* Base */ = {isa = PBXFileReference; lastKnownFileType = file.storyboard; name = Base; path = Base.lproj/LaunchScreen.storyboard; sourceTree = "<group>"; };
		9B30361D2341C24F0094550A /* Info.plist */ = {isa = PBXFileReference; lastKnownFileType = text.plist.xml; path = Info.plist; sourceTree = "<group>"; };
		9B5E286C2341F44800750096 /* todoData.swift */ = {isa = PBXFileReference; lastKnownFileType = sourcecode.swift; path = todoData.swift; sourceTree = "<group>"; };
		9B5E286E2341FA0500750096 /* todoTableViewCell.swift */ = {isa = PBXFileReference; lastKnownFileType = sourcecode.swift; path = todoTableViewCell.swift; sourceTree = "<group>"; };
		9B8DA4742341EFE300096A0E /* Checkbox.swift */ = {isa = PBXFileReference; lastKnownFileType = sourcecode.swift; path = Checkbox.swift; sourceTree = "<group>"; };
		9B9FEC6A24923DC700162F27 /* calendarViewController.swift */ = {isa = PBXFileReference; lastKnownFileType = sourcecode.swift; path = calendarViewController.swift; sourceTree = "<group>"; };
		9B9FEC6E24924AE400162F27 /* calendarAddTodoVC.swift */ = {isa = PBXFileReference; lastKnownFileType = sourcecode.swift; path = calendarAddTodoVC.swift; sourceTree = "<group>"; };
		9BC9304225BEB6EB00A27000 /* mainViewController.swift */ = {isa = PBXFileReference; lastKnownFileType = sourcecode.swift; path = mainViewController.swift; sourceTree = "<group>"; };
		9BD1E73423C5DBA9007DCCEA /* CustomTabbar.swift */ = {isa = PBXFileReference; lastKnownFileType = sourcecode.swift; path = CustomTabbar.swift; sourceTree = "<group>"; };
		9BD1E73623C5DE45007DCCEA /* CustomTabbarCell.swift */ = {isa = PBXFileReference; lastKnownFileType = sourcecode.swift; path = CustomTabbarCell.swift; sourceTree = "<group>"; };
/* End PBXFileReference section */

/* Begin PBXFrameworksBuildPhase section */
		9B3036092341C24E0094550A /* Frameworks */ = {
			isa = PBXFrameworksBuildPhase;
			buildActionMask = 2147483647;
			files = (
				7DBC02765E8E95E4FF472D41 /* Pods_proTodo.framework in Frameworks */,
			);
			runOnlyForDeploymentPostprocessing = 0;
		};
/* End PBXFrameworksBuildPhase section */

/* Begin PBXGroup section */
		8AF3765514C704BA34A53817 /* Frameworks */ = {
			isa = PBXGroup;
			children = (
				7B1D4205DDABE980F08B5843 /* Pods_proTodo.framework */,
			);
			name = Frameworks;
			sourceTree = "<group>";
		};
		9B0BDDFC2628293E009F4552 /* ViewController */ = {
			isa = PBXGroup;
			children = (
				9BD1E72923C5CDDF007DCCEA /* Main */,
				9B9FEC6C24923DFB00162F27 /* Calendar */,
				9B0BDE1F26282D4A009F4552 /* Project */,
			);
			path = ViewController;
			sourceTree = "<group>";
		};
		9B0BDDFD26282944009F4552 /* Model */ = {
			isa = PBXGroup;
			children = (
				9B5E286C2341F44800750096 /* todoData.swift */,
			);
			path = Model;
			sourceTree = "<group>";
		};
		9B0BDDFE26282984009F4552 /* ViewModel */ = {
			isa = PBXGroup;
			children = (
			);
			path = ViewModel;
			sourceTree = "<group>";
		};
		9B0BDDFF26282989009F4552 /* Supporting Files */ = {
			isa = PBXGroup;
			children = (
				9B3036112341C24E0094550A /* SceneDelegate.swift */,
				9B30360F2341C24E0094550A /* AppDelegate.swift */,
				9B3036182341C24F0094550A /* Assets.xcassets */,
				9B30361D2341C24F0094550A /* Info.plist */,
			);
			path = "Supporting Files";
			sourceTree = "<group>";
		};
		9B0BDE0626282A46009F4552 /* Resource */ = {
			isa = PBXGroup;
			children = (
				9B8DA4742341EFE300096A0E /* Checkbox.swift */,
				9B3036132341C24E0094550A /* CustomSegmentedControl.swift */,
				9BD1E73423C5DBA9007DCCEA /* CustomTabbar.swift */,
				9BD1E73623C5DE45007DCCEA /* CustomTabbarCell.swift */,
			);
			path = Resource;
			sourceTree = "<group>";
		};
		9B0BDE1F26282D4A009F4552 /* Project */ = {
			isa = PBXGroup;
			children = (
			);
			path = Project;
			sourceTree = "<group>";
		};
		9B3036032341C24E0094550A = {
			isa = PBXGroup;
			children = (
				9B30360E2341C24E0094550A /* proTodo */,
				9B30360D2341C24E0094550A /* Products */,
				C64F041D20884C870EF9E317 /* Pods */,
				8AF3765514C704BA34A53817 /* Frameworks */,
			);
			sourceTree = "<group>";
		};
		9B30360D2341C24E0094550A /* Products */ = {
			isa = PBXGroup;
			children = (
				9B30360C2341C24E0094550A /* proTodo.app */,
			);
			name = Products;
			sourceTree = "<group>";
		};
		9B30360E2341C24E0094550A /* proTodo */ = {
			isa = PBXGroup;
			children = (
				9B3036152341C24E0094550A /* Main.storyboard */,
				9B30361A2341C24F0094550A /* LaunchScreen.storyboard */,
				9B0BDDFF26282989009F4552 /* Supporting Files */,
				9B3036272341C31E0094550A /* Extension */,
				9B0BDE0626282A46009F4552 /* Resource */,
				9B0BDDFD26282944009F4552 /* Model */,
				9B0BDDFE26282984009F4552 /* ViewModel */,
				9B0BDDFC2628293E009F4552 /* ViewController */,
			);
			path = proTodo;
			sourceTree = "<group>";
		};
		9B3036272341C31E0094550A /* Extension */ = {
			isa = PBXGroup;
			children = (
				9B0BDE0726282A68009F4552 /* Date+.swift */,
				9B0BDE0C26282AE0009F4552 /* Color+.swift */,
			);
			path = Extension;
			sourceTree = "<group>";
		};
		9B9FEC6C24923DFB00162F27 /* Calendar */ = {
			isa = PBXGroup;
			children = (
				9B9FEC6A24923DC700162F27 /* calendarViewController.swift */,
				9B9FEC6E24924AE400162F27 /* calendarAddTodoVC.swift */,
			);
			path = Calendar;
			sourceTree = "<group>";
		};
		9BD1E72923C5CDDF007DCCEA /* Main */ = {
			isa = PBXGroup;
			children = (
				9BC9304225BEB6EB00A27000 /* mainViewController.swift */,
				9B1E6E1D23963B6D002019D8 /* createViewController.swift */,
				9B5E286E2341FA0500750096 /* todoTableViewCell.swift */,
				9B0BDE22262830A6009F4552 /* todoCollectionViewCell.swift */,
			);
			path = Main;
			sourceTree = "<group>";
		};
		C64F041D20884C870EF9E317 /* Pods */ = {
			isa = PBXGroup;
			children = (
				3F46671127667ED862B36A21 /* Pods-proTodo.debug.xcconfig */,
				7EB44766FFD0929662857BAD /* Pods-proTodo.release.xcconfig */,
			);
			path = Pods;
			sourceTree = "<group>";
		};
/* End PBXGroup section */

/* Begin PBXNativeTarget section */
		9B30360B2341C24E0094550A /* proTodo */ = {
			isa = PBXNativeTarget;
			buildConfigurationList = 9B3036202341C24F0094550A /* Build configuration list for PBXNativeTarget "proTodo" */;
			buildPhases = (
				1E2F23A40978B5155AB16D99 /* [CP] Check Pods Manifest.lock */,
				9B3036082341C24E0094550A /* Sources */,
				9B3036092341C24E0094550A /* Frameworks */,
				9B30360A2341C24E0094550A /* Resources */,
				3B4F996B2B4A50544B6D7244 /* [CP] Embed Pods Frameworks */,
			);
			buildRules = (
			);
			dependencies = (
			);
			name = proTodo;
			productName = proTodo;
			productReference = 9B30360C2341C24E0094550A /* proTodo.app */;
			productType = "com.apple.product-type.application";
		};
/* End PBXNativeTarget section */

/* Begin PBXProject section */
		9B3036042341C24E0094550A /* Project object */ = {
			isa = PBXProject;
			attributes = {
				LastSwiftUpdateCheck = 1100;
				LastUpgradeCheck = 1100;
				ORGANIZATIONNAME = "성다연";
				TargetAttributes = {
					9B30360B2341C24E0094550A = {
						CreatedOnToolsVersion = 11.0;
					};
				};
			};
			buildConfigurationList = 9B3036072341C24E0094550A /* Build configuration list for PBXProject "proTodo" */;
			compatibilityVersion = "Xcode 9.3";
			developmentRegion = en;
			hasScannedForEncodings = 0;
			knownRegions = (
				en,
				Base,
			);
			mainGroup = 9B3036032341C24E0094550A;
			productRefGroup = 9B30360D2341C24E0094550A /* Products */;
			projectDirPath = "";
			projectRoot = "";
			targets = (
				9B30360B2341C24E0094550A /* proTodo */,
			);
		};
/* End PBXProject section */

/* Begin PBXResourcesBuildPhase section */
		9B30360A2341C24E0094550A /* Resources */ = {
			isa = PBXResourcesBuildPhase;
			buildActionMask = 2147483647;
			files = (
				9B30361C2341C24F0094550A /* LaunchScreen.storyboard in Resources */,
				9B3036192341C24F0094550A /* Assets.xcassets in Resources */,
				9B3036172341C24E0094550A /* Main.storyboard in Resources */,
			);
			runOnlyForDeploymentPostprocessing = 0;
		};
/* End PBXResourcesBuildPhase section */

/* Begin PBXShellScriptBuildPhase section */
		1E2F23A40978B5155AB16D99 /* [CP] Check Pods Manifest.lock */ = {
			isa = PBXShellScriptBuildPhase;
			buildActionMask = 2147483647;
			files = (
			);
			inputFileListPaths = (
			);
			inputPaths = (
				"${PODS_PODFILE_DIR_PATH}/Podfile.lock",
				"${PODS_ROOT}/Manifest.lock",
			);
			name = "[CP] Check Pods Manifest.lock";
			outputFileListPaths = (
			);
			outputPaths = (
				"$(DERIVED_FILE_DIR)/Pods-proTodo-checkManifestLockResult.txt",
			);
			runOnlyForDeploymentPostprocessing = 0;
			shellPath = /bin/sh;
			shellScript = "diff \"${PODS_PODFILE_DIR_PATH}/Podfile.lock\" \"${PODS_ROOT}/Manifest.lock\" > /dev/null\nif [ $? != 0 ] ; then\n    # print error to STDERR\n    echo \"error: The sandbox is not in sync with the Podfile.lock. Run 'pod install' or update your CocoaPods installation.\" >&2\n    exit 1\nfi\n# This output is used by Xcode 'outputs' to avoid re-running this script phase.\necho \"SUCCESS\" > \"${SCRIPT_OUTPUT_FILE_0}\"\n";
			showEnvVarsInLog = 0;
		};
		3B4F996B2B4A50544B6D7244 /* [CP] Embed Pods Frameworks */ = {
			isa = PBXShellScriptBuildPhase;
			buildActionMask = 2147483647;
			files = (
			);
			inputFileListPaths = (
				"${PODS_ROOT}/Target Support Files/Pods-proTodo/Pods-proTodo-frameworks-${CONFIGURATION}-input-files.xcfilelist",
			);
			name = "[CP] Embed Pods Frameworks";
			outputFileListPaths = (
				"${PODS_ROOT}/Target Support Files/Pods-proTodo/Pods-proTodo-frameworks-${CONFIGURATION}-output-files.xcfilelist",
			);
			runOnlyForDeploymentPostprocessing = 0;
			shellPath = /bin/sh;
			shellScript = "\"${PODS_ROOT}/Target Support Files/Pods-proTodo/Pods-proTodo-frameworks.sh\"\n";
			showEnvVarsInLog = 0;
		};
/* End PBXShellScriptBuildPhase section */

/* Begin PBXSourcesBuildPhase section */
		9B3036082341C24E0094550A /* Sources */ = {
			isa = PBXSourcesBuildPhase;
			buildActionMask = 2147483647;
			files = (
				9B0BDE0D26282AE0009F4552 /* Color+.swift in Sources */,
				9BC9304325BEB6EB00A27000 /* mainViewController.swift in Sources */,
				9B3036142341C24E0094550A /* CustomSegmentedControl.swift in Sources */,
				9B0BDE23262830A6009F4552 /* todoCollectionViewCell.swift in Sources */,
				9B9FEC6F24924AE400162F27 /* calendarAddTodoVC.swift in Sources */,
				9B9FEC6B24923DC700162F27 /* calendarViewController.swift in Sources */,
				9B8DA4752341EFE300096A0E /* Checkbox.swift in Sources */,
				9B3036102341C24E0094550A /* AppDelegate.swift in Sources */,
				9B0BDE0826282A68009F4552 /* Date+.swift in Sources */,
				9B3036122341C24E0094550A /* SceneDelegate.swift in Sources */,
				9B5E286D2341F44800750096 /* todoData.swift in Sources */,
				9BD1E73723C5DE45007DCCEA /* CustomTabbarCell.swift in Sources */,
				9B1E6E1E23963B6D002019D8 /* createViewController.swift in Sources */,
				9B5E286F2341FA0500750096 /* todoTableViewCell.swift in Sources */,
				9BD1E73523C5DBA9007DCCEA /* CustomTabbar.swift in Sources */,
			);
			runOnlyForDeploymentPostprocessing = 0;
		};
/* End PBXSourcesBuildPhase section */

/* Begin PBXVariantGroup section */
		9B3036152341C24E0094550A /* Main.storyboard */ = {
			isa = PBXVariantGroup;
			children = (
				9B3036162341C24E0094550A /* Base */,
			);
			name = Main.storyboard;
			sourceTree = "<group>";
		};
		9B30361A2341C24F0094550A /* LaunchScreen.storyboard */ = {
			isa = PBXVariantGroup;
			children = (
				9B30361B2341C24F0094550A /* Base */,
			);
			name = LaunchScreen.storyboard;
			sourceTree = "<group>";
		};
/* End PBXVariantGroup section */

/* Begin XCBuildConfiguration section */
		9B30361E2341C24F0094550A /* Debug */ = {
			isa = XCBuildConfiguration;
			buildSettings = {
				ALWAYS_SEARCH_USER_PATHS = NO;
				CLANG_ANALYZER_NONNULL = YES;
				CLANG_ANALYZER_NUMBER_OBJECT_CONVERSION = YES_AGGRESSIVE;
				CLANG_CXX_LANGUAGE_STANDARD = "gnu++14";
				CLANG_CXX_LIBRARY = "libc++";
				CLANG_ENABLE_MODULES = YES;
				CLANG_ENABLE_OBJC_ARC = YES;
				CLANG_ENABLE_OBJC_WEAK = YES;
				CLANG_WARN_BLOCK_CAPTURE_AUTORELEASING = YES;
				CLANG_WARN_BOOL_CONVERSION = YES;
				CLANG_WARN_COMMA = YES;
				CLANG_WARN_CONSTANT_CONVERSION = YES;
				CLANG_WARN_DEPRECATED_OBJC_IMPLEMENTATIONS = YES;
				CLANG_WARN_DIRECT_OBJC_ISA_USAGE = YES_ERROR;
				CLANG_WARN_DOCUMENTATION_COMMENTS = YES;
				CLANG_WARN_EMPTY_BODY = YES;
				CLANG_WARN_ENUM_CONVERSION = YES;
				CLANG_WARN_INFINITE_RECURSION = YES;
				CLANG_WARN_INT_CONVERSION = YES;
				CLANG_WARN_NON_LITERAL_NULL_CONVERSION = YES;
				CLANG_WARN_OBJC_IMPLICIT_RETAIN_SELF = YES;
				CLANG_WARN_OBJC_LITERAL_CONVERSION = YES;
				CLANG_WARN_OBJC_ROOT_CLASS = YES_ERROR;
				CLANG_WARN_RANGE_LOOP_ANALYSIS = YES;
				CLANG_WARN_STRICT_PROTOTYPES = YES;
				CLANG_WARN_SUSPICIOUS_MOVE = YES;
				CLANG_WARN_UNGUARDED_AVAILABILITY = YES_AGGRESSIVE;
				CLANG_WARN_UNREACHABLE_CODE = YES;
				CLANG_WARN__DUPLICATE_METHOD_MATCH = YES;
				COPY_PHASE_STRIP = NO;
				DEBUG_INFORMATION_FORMAT = dwarf;
				ENABLE_STRICT_OBJC_MSGSEND = YES;
				ENABLE_TESTABILITY = YES;
				GCC_C_LANGUAGE_STANDARD = gnu11;
				GCC_DYNAMIC_NO_PIC = NO;
				GCC_NO_COMMON_BLOCKS = YES;
				GCC_OPTIMIZATION_LEVEL = 0;
				GCC_PREPROCESSOR_DEFINITIONS = (
					"DEBUG=1",
					"$(inherited)",
				);
				GCC_WARN_64_TO_32_BIT_CONVERSION = YES;
				GCC_WARN_ABOUT_RETURN_TYPE = YES_ERROR;
				GCC_WARN_UNDECLARED_SELECTOR = YES;
				GCC_WARN_UNINITIALIZED_AUTOS = YES_AGGRESSIVE;
				GCC_WARN_UNUSED_FUNCTION = YES;
				GCC_WARN_UNUSED_VARIABLE = YES;
				IPHONEOS_DEPLOYMENT_TARGET = 13.0;
				MTL_ENABLE_DEBUG_INFO = INCLUDE_SOURCE;
				MTL_FAST_MATH = YES;
				ONLY_ACTIVE_ARCH = YES;
				SDKROOT = iphoneos;
				SWIFT_ACTIVE_COMPILATION_CONDITIONS = DEBUG;
				SWIFT_OPTIMIZATION_LEVEL = "-Onone";
			};
			name = Debug;
		};
		9B30361F2341C24F0094550A /* Release */ = {
			isa = XCBuildConfiguration;
			buildSettings = {
				ALWAYS_SEARCH_USER_PATHS = NO;
				CLANG_ANALYZER_NONNULL = YES;
				CLANG_ANALYZER_NUMBER_OBJECT_CONVERSION = YES_AGGRESSIVE;
				CLANG_CXX_LANGUAGE_STANDARD = "gnu++14";
				CLANG_CXX_LIBRARY = "libc++";
				CLANG_ENABLE_MODULES = YES;
				CLANG_ENABLE_OBJC_ARC = YES;
				CLANG_ENABLE_OBJC_WEAK = YES;
				CLANG_WARN_BLOCK_CAPTURE_AUTORELEASING = YES;
				CLANG_WARN_BOOL_CONVERSION = YES;
				CLANG_WARN_COMMA = YES;
				CLANG_WARN_CONSTANT_CONVERSION = YES;
				CLANG_WARN_DEPRECATED_OBJC_IMPLEMENTATIONS = YES;
				CLANG_WARN_DIRECT_OBJC_ISA_USAGE = YES_ERROR;
				CLANG_WARN_DOCUMENTATION_COMMENTS = YES;
				CLANG_WARN_EMPTY_BODY = YES;
				CLANG_WARN_ENUM_CONVERSION = YES;
				CLANG_WARN_INFINITE_RECURSION = YES;
				CLANG_WARN_INT_CONVERSION = YES;
				CLANG_WARN_NON_LITERAL_NULL_CONVERSION = YES;
				CLANG_WARN_OBJC_IMPLICIT_RETAIN_SELF = YES;
				CLANG_WARN_OBJC_LITERAL_CONVERSION = YES;
				CLANG_WARN_OBJC_ROOT_CLASS = YES_ERROR;
				CLANG_WARN_RANGE_LOOP_ANALYSIS = YES;
				CLANG_WARN_STRICT_PROTOTYPES = YES;
				CLANG_WARN_SUSPICIOUS_MOVE = YES;
				CLANG_WARN_UNGUARDED_AVAILABILITY = YES_AGGRESSIVE;
				CLANG_WARN_UNREACHABLE_CODE = YES;
				CLANG_WARN__DUPLICATE_METHOD_MATCH = YES;
				COPY_PHASE_STRIP = NO;
				DEBUG_INFORMATION_FORMAT = "dwarf-with-dsym";
				ENABLE_NS_ASSERTIONS = NO;
				ENABLE_STRICT_OBJC_MSGSEND = YES;
				GCC_C_LANGUAGE_STANDARD = gnu11;
				GCC_NO_COMMON_BLOCKS = YES;
				GCC_WARN_64_TO_32_BIT_CONVERSION = YES;
				GCC_WARN_ABOUT_RETURN_TYPE = YES_ERROR;
				GCC_WARN_UNDECLARED_SELECTOR = YES;
				GCC_WARN_UNINITIALIZED_AUTOS = YES_AGGRESSIVE;
				GCC_WARN_UNUSED_FUNCTION = YES;
				GCC_WARN_UNUSED_VARIABLE = YES;
				IPHONEOS_DEPLOYMENT_TARGET = 13.0;
				MTL_ENABLE_DEBUG_INFO = NO;
				MTL_FAST_MATH = YES;
				SDKROOT = iphoneos;
				SWIFT_COMPILATION_MODE = wholemodule;
				SWIFT_OPTIMIZATION_LEVEL = "-O";
				VALIDATE_PRODUCT = YES;
			};
			name = Release;
		};
		9B3036212341C24F0094550A /* Debug */ = {
			isa = XCBuildConfiguration;
			baseConfigurationReference = 3F46671127667ED862B36A21 /* Pods-proTodo.debug.xcconfig */;
			buildSettings = {
				ASSETCATALOG_COMPILER_APPICON_NAME = AppIcon;
				CODE_SIGN_STYLE = Automatic;
				INFOPLIST_FILE = "proTodo/Supporting Files/Info.plist";
				IPHONEOS_DEPLOYMENT_TARGET = 13.0;
				LD_RUNPATH_SEARCH_PATHS = (
					"$(inherited)",
					"@executable_path/Frameworks",
				);
				PRODUCT_BUNDLE_IDENTIFIER = checkStudyList.proTodo;
				PRODUCT_NAME = "$(TARGET_NAME)";
				SWIFT_VERSION = 5.0;
				TARGETED_DEVICE_FAMILY = "1,2";
			};
			name = Debug;
		};
		9B3036222341C24F0094550A /* Release */ = {
			isa = XCBuildConfiguration;
			baseConfigurationReference = 7EB44766FFD0929662857BAD /* Pods-proTodo.release.xcconfig */;
			buildSettings = {
				ASSETCATALOG_COMPILER_APPICON_NAME = AppIcon;
				CODE_SIGN_STYLE = Automatic;
				INFOPLIST_FILE = "proTodo/Supporting Files/Info.plist";
				IPHONEOS_DEPLOYMENT_TARGET = 13.0;
				LD_RUNPATH_SEARCH_PATHS = (
					"$(inherited)",
					"@executable_path/Frameworks",
				);
				PRODUCT_BUNDLE_IDENTIFIER = checkStudyList.proTodo;
				PRODUCT_NAME = "$(TARGET_NAME)";
				SWIFT_VERSION = 5.0;
				TARGETED_DEVICE_FAMILY = "1,2";
			};
			name = Release;
		};
/* End XCBuildConfiguration section */

/* Begin XCConfigurationList section */
		9B3036072341C24E0094550A /* Build configuration list for PBXProject "proTodo" */ = {
			isa = XCConfigurationList;
			buildConfigurations = (
				9B30361E2341C24F0094550A /* Debug */,
				9B30361F2341C24F0094550A /* Release */,
			);
			defaultConfigurationIsVisible = 0;
			defaultConfigurationName = Release;
		};
		9B3036202341C24F0094550A /* Build configuration list for PBXNativeTarget "proTodo" */ = {
			isa = XCConfigurationList;
			buildConfigurations = (
				9B3036212341C24F0094550A /* Debug */,
				9B3036222341C24F0094550A /* Release */,
			);
			defaultConfigurationIsVisible = 0;
			defaultConfigurationName = Release;
		};
/* End XCConfigurationList section */
	};
	rootObject = 9B3036042341C24E0094550A /* Project object */;
}
